
Microsoft Visual Studio Solution File, Format Version 12.00
# Visual Studio 15
VisualStudioVersion = 15.0.28307.106
MinimumVisualStudioVersion = 10.0.40219.1
Project("{00D1A9C2-B5F0-4AF3-8072-F6C62B433612}") = "FinalChallenge_BasketballTeamDB", "FinalChallenge_BasketballTeamDB\FinalChallenge_BasketballTeamDB.sqlproj", "{72BB7461-1B0F-40BE-9B92-C1C77F3FD6E3}"
EndProject
Project("{FAE04EC0-301F-11D3-BF4B-00C04F79EFBC}") = "FinalChallenge_BasketballTeamApp", "FinalChallenge_BasketballTeamApp\FinalChallenge_BasketballTeamApp.csproj", "{A188BFE4-9861-4EDF-853B-C85C2E0FB7C3}"
EndProject
Global
	GlobalSection(SolutionConfigurationPlatforms) = preSolution
		Debug|Any CPU = Debug|Any CPU
		Release|Any CPU = Release|Any CPU
	EndGlobalSection
	GlobalSection(ProjectConfigurationPlatforms) = postSolution
		{72BB7461-1B0F-40BE-9B92-C1C77F3FD6E3}.Debug|Any CPU.ActiveCfg = Debug|Any CPU
		{72BB7461-1B0F-40BE-9B92-C1C77F3FD6E3}.Debug|Any CPU.Build.0 = Debug|Any CPU
		{72BB7461-1B0F-40BE-9B92-C1C77F3FD6E3}.Debug|Any CPU.Deploy.0 = Debug|Any CPU
		{72BB7461-1B0F-40BE-9B92-C1C77F3FD6E3}.Release|Any CPU.ActiveCfg = Release|Any CPU
		{72BB7461-1B0F-40BE-9B92-C1C77F3FD6E3}.Release|Any CPU.Build.0 = Release|Any CPU
		{72BB7461-1B0F-40BE-9B92-C1C77F3FD6E3}.Release|Any CPU.Deploy.0 = Release|Any CPU
		{A188BFE4-9861-4EDF-853B-C85C2E0FB7C3}.Debug|Any CPU.ActiveCfg = Debug|Any CPU
		{A188BFE4-9861-4EDF-853B-C85C2E0FB7C3}.Debug|Any CPU.Build.0 = Debug|Any CPU
		{A188BFE4-9861-4EDF-853B-C85C2E0FB7C3}.Release|Any CPU.ActiveCfg = Release|Any CPU
		{A188BFE4-9861-4EDF-853B-C85C2E0FB7C3}.Release|Any CPU.Build.0 = Release|Any CPU
	EndGlobalSection
	GlobalSection(SolutionProperties) = preSolution
		HideSolutionNode = FALSE
	EndGlobalSection
	GlobalSection(ExtensibilityGlobals) = postSolution
		SolutionGuid = {82D8FA25-E17D-4405-86FF-7F8BE65A8E7B}
	EndGlobalSection
EndGlobal
